
Microsoft Visual Studio Solution File, Format Version 12.00
# Visual Studio Version 17
VisualStudioVersion = 17.4.33213.308
MinimumVisualStudioVersion = 10.0.40219.1
Project("{FAE04EC0-301F-11D3-BF4B-00C04F79EFBC}") = "GitBashManager", "GitBashManager\GitBashManager.csproj", "{78049390-0D91-4EAF-A96B-7DD1C6757366}"
EndProject
Global
	GlobalSection(SolutionConfigurationPlatforms) = preSolution
		Debug|Any CPU = Debug|Any CPU
		Release|Any CPU = Release|Any CPU
	EndGlobalSection
	GlobalSection(ProjectConfigurationPlatforms) = postSolution
		{78049390-0D91-4EAF-A96B-7DD1C6757366}.Debug|Any CPU.ActiveCfg = Debug|Any CPU
		{78049390-0D91-4EAF-A96B-7DD1C6757366}.Debug|Any CPU.Build.0 = Debug|Any CPU
		{78049390-0D91-4EAF-A96B-7DD1C6757366}.Release|Any CPU.ActiveCfg = Release|Any CPU
		{78049390-0D91-4EAF-A96B-7DD1C6757366}.Release|Any CPU.Build.0 = Release|Any CPU
	EndGlobalSection
	GlobalSection(SolutionProperties) = preSolution
		HideSolutionNode = FALSE
	EndGlobalSection
	GlobalSection(ExtensibilityGlobals) = postSolution
		SolutionGuid = {58E270B3-4F12-4379-A45A-22950BB4C187}
	EndGlobalSection
EndGlobal
